// !$*UTF8*$!
{
	archiveVersion = 1;
	classes = {
	};
	objectVersion = 77;
	objects = {

/* Begin PBXBuildFile section */
		C90111602CF7B286009879AE /* heroes.json in Resources */ = {isa = PBXBuildFile; fileRef = C901115F2CF7B27E009879AE /* heroes.json */; };
		C935F51D2CF8FF94007BF57C /* TransformationsViewController.swift in Sources */ = {isa = PBXBuildFile; fileRef = C935F51B2CF8FF94007BF57C /* TransformationsViewController.swift */; };
		C935F51E2CF8FF94007BF57C /* TransformationsViewController.xib in Resources */ = {isa = PBXBuildFile; fileRef = C935F51C2CF8FF94007BF57C /* TransformationsViewController.xib */; };
		C935F5202CF900B1007BF57C /* NetworkTransformations.swift in Sources */ = {isa = PBXBuildFile; fileRef = C935F51F2CF900B1007BF57C /* NetworkTransformations.swift */; };
		C935F5222CF9013B007BF57C /* TransformationModel.swift in Sources */ = {isa = PBXBuildFile; fileRef = C935F5212CF9013B007BF57C /* TransformationModel.swift */; };
		C935F5402CF906FE007BF57C /* TransformationsRepositoryProtocol.swift in Sources */ = {isa = PBXBuildFile; fileRef = C935F53F2CF906FE007BF57C /* TransformationsRepositoryProtocol.swift */; };
		C935F5422CF90751007BF57C /* TransformationsRepository.swift in Sources */ = {isa = PBXBuildFile; fileRef = C935F5412CF90751007BF57C /* TransformationsRepository.swift */; };
		C935F5442CF908FD007BF57C /* transformation.json in Resources */ = {isa = PBXBuildFile; fileRef = C935F5432CF908F8007BF57C /* transformation.json */; };
		C935F5462CF9094D007BF57C /* TransformationsViewModel.swift in Sources */ = {isa = PBXBuildFile; fileRef = C935F5452CF9094D007BF57C /* TransformationsViewModel.swift */; };
		C935F5482CF90A3E007BF57C /* TransformationsUseCase.swift in Sources */ = {isa = PBXBuildFile; fileRef = C935F5472CF90A3E007BF57C /* TransformationsUseCase.swift */; };
		C935F54C2CF915B2007BF57C /* TransformationsViewCell.swift in Sources */ = {isa = PBXBuildFile; fileRef = C935F54A2CF915B2007BF57C /* TransformationsViewCell.swift */; };
		C935F54D2CF915B2007BF57C /* TransformationsViewCell.xib in Resources */ = {isa = PBXBuildFile; fileRef = C935F54B2CF915B2007BF57C /* TransformationsViewCell.xib */; };
		C96A91812CEE9BB4001F03DB /* Assets.xcassets in Resources */ = {isa = PBXBuildFile; fileRef = C96A91782CEE9BB4001F03DB /* Assets.xcassets */; };
		C96A91852CEE9BB4001F03DB /* AppDelegate.swift in Sources */ = {isa = PBXBuildFile; fileRef = C96A91772CEE9BB4001F03DB /* AppDelegate.swift */; };
		C96A91862CEE9BB4001F03DB /* SceneDelegate.swift in Sources */ = {isa = PBXBuildFile; fileRef = C96A917E2CEE9BB4001F03DB /* SceneDelegate.swift */; };
		C96E3DCE2CF658570098898B /* Localizable.strings in Resources */ = {isa = PBXBuildFile; fileRef = C96E3DCC2CF658570098898B /* Localizable.strings */; };
		C96E3DCF2CF658570098898B /* Localizable.strings in Resources */ = {isa = PBXBuildFile; fileRef = C96E3DCC2CF658570098898B /* Localizable.strings */; };
		C96E3DD52CF66DDB0098898B /* HeroesModel.swift in Sources */ = {isa = PBXBuildFile; fileRef = C96E3DD42CF66DDB0098898B /* HeroesModel.swift */; };
		C96E3DD72CF66FA40098898B /* HeroesRepositoryProtocol.swift in Sources */ = {isa = PBXBuildFile; fileRef = C96E3DD62CF66FA40098898B /* HeroesRepositoryProtocol.swift */; };
		C96E3DD92CF66FEA0098898B /* NetworkHeroes.swift in Sources */ = {isa = PBXBuildFile; fileRef = C96E3DD82CF66FEA0098898B /* NetworkHeroes.swift */; };
		C96E3DDD2CF678430098898B /* HeroesRepository.swift in Sources */ = {isa = PBXBuildFile; fileRef = C96E3DDC2CF678430098898B /* HeroesRepository.swift */; };
		C96E3DDF2CF679B60098898B /* HeroesUseCase.swift in Sources */ = {isa = PBXBuildFile; fileRef = C96E3DDE2CF679B60098898B /* HeroesUseCase.swift */; };
		C96E3DE12CF67C0B0098898B /* HeroesViewModel.swift in Sources */ = {isa = PBXBuildFile; fileRef = C96E3DE02CF67C0B0098898B /* HeroesViewModel.swift */; };
		C96E3DE42CF68D230098898B /* HeroesListViewController.swift in Sources */ = {isa = PBXBuildFile; fileRef = C96E3DE22CF68D230098898B /* HeroesListViewController.swift */; };
		C96E3DE52CF68D230098898B /* HeroesListViewController.xib in Resources */ = {isa = PBXBuildFile; fileRef = C96E3DE32CF68D230098898B /* HeroesListViewController.xib */; };
		C96E3DE92CF693B10098898B /* HeroViewCell.swift in Sources */ = {isa = PBXBuildFile; fileRef = C96E3DE72CF693B10098898B /* HeroViewCell.swift */; };
		C96E3DEA2CF693B10098898B /* HeroViewCell.xib in Resources */ = {isa = PBXBuildFile; fileRef = C96E3DE82CF693B10098898B /* HeroViewCell.xib */; };
		C96E3DEC2CF695800098898B /* UIImage+Extensions.swift in Sources */ = {isa = PBXBuildFile; fileRef = C96E3DEB2CF695800098898B /* UIImage+Extensions.swift */; };
		C97B79FA2CF500940025FA33 /* LoginViewController.xib in Resources */ = {isa = PBXBuildFile; fileRef = C97B79F92CF500940025FA33 /* LoginViewController.xib */; };
		C97B79FB2CF500940025FA33 /* LoginViewController.swift in Sources */ = {isa = PBXBuildFile; fileRef = C97B79F82CF500940025FA33 /* LoginViewController.swift */; };
		C97B79FD2CF507550025FA33 /* AppState.swift in Sources */ = {isa = PBXBuildFile; fileRef = C97B79FC2CF507550025FA33 /* AppState.swift */; };
		C97B79FF2CF507C50025FA33 /* LoginUseCase.swift in Sources */ = {isa = PBXBuildFile; fileRef = C97B79FE2CF507C50025FA33 /* LoginUseCase.swift */; };
		C97B7A012CF507E70025FA33 /* LoginRepositoryProtocol.swift in Sources */ = {isa = PBXBuildFile; fileRef = C97B7A002CF507E70025FA33 /* LoginRepositoryProtocol.swift */; };
		C97B7A032CF508880025FA33 /* LoginUseCaseProtocol.swift in Sources */ = {isa = PBXBuildFile; fileRef = C97B7A022CF508880025FA33 /* LoginUseCaseProtocol.swift */; };
		C97B7A052CF508F50025FA33 /* EndPoints.swift in Sources */ = {isa = PBXBuildFile; fileRef = C97B7A042CF508F50025FA33 /* EndPoints.swift */; };
		C97B7A072CF509360025FA33 /* HTTPReponseCodes.swift in Sources */ = {isa = PBXBuildFile; fileRef = C97B7A062CF509360025FA33 /* HTTPReponseCodes.swift */; };
		C97B7A092CF5096E0025FA33 /* HTTPMethods.swift in Sources */ = {isa = PBXBuildFile; fileRef = C97B7A082CF5096E0025FA33 /* HTTPMethods.swift */; };
		C97B7A0C2CF50A130025FA33 /* ConstantsApp.swift in Sources */ = {isa = PBXBuildFile; fileRef = C97B7A0B2CF50A130025FA33 /* ConstantsApp.swift */; };
		C97B7A0E2CF50A960025FA33 /* NetworkLogin.swift in Sources */ = {isa = PBXBuildFile; fileRef = C97B7A0D2CF50A960025FA33 /* NetworkLogin.swift */; };
		C97B7A132CF510F40025FA33 /* LoginRepository.swift in Sources */ = {isa = PBXBuildFile; fileRef = C97B7A122CF510F40025FA33 /* LoginRepository.swift */; };
		C97B7A182CF513CE0025FA33 /* KeychainSwift in Frameworks */ = {isa = PBXBuildFile; productRef = C97B7A172CF513CE0025FA33 /* KeychainSwift */; };
		C97B7A1B2CF524F60025FA33 /* CombineCocoa in Frameworks */ = {isa = PBXBuildFile; productRef = C97B7A1A2CF524F60025FA33 /* CombineCocoa */; };
		C97B7A222CF539810025FA33 /* ErrorViewController.xib in Resources */ = {isa = PBXBuildFile; fileRef = C97B7A212CF539810025FA33 /* ErrorViewController.xib */; };
		C97B7A232CF539810025FA33 /* ErrorViewController.swift in Sources */ = {isa = PBXBuildFile; fileRef = C97B7A202CF539810025FA33 /* ErrorViewController.swift */; };
		C99811452CFBB52900C7642D /* Binding.swift in Sources */ = {isa = PBXBuildFile; fileRef = C99811442CFBB52900C7642D /* Binding.swift */; };
		C99811472CFBB59F00C7642D /* SplashViewModel.swift in Sources */ = {isa = PBXBuildFile; fileRef = C99811462CFBB59F00C7642D /* SplashViewModel.swift */; };
		C998114A2CFBB63E00C7642D /* SplashViewController.swift in Sources */ = {isa = PBXBuildFile; fileRef = C99811482CFBB63E00C7642D /* SplashViewController.swift */; };
		C998114B2CFBB63E00C7642D /* SplashViewController.xib in Resources */ = {isa = PBXBuildFile; fileRef = C99811492CFBB63E00C7642D /* SplashViewController.xib */; };
		C998114D2CFBBA9400C7642D /* SplashBuilder.swift in Sources */ = {isa = PBXBuildFile; fileRef = C998114C2CFBBA9400C7642D /* SplashBuilder.swift */; };
/* End PBXBuildFile section */

/* Begin PBXContainerItemProxy section */
		C96A91552CEE9707001F03DB /* PBXContainerItemProxy */ = {
			isa = PBXContainerItemProxy;
			containerPortal = C96A91362CEE9706001F03DB /* Project object */;
			proxyType = 1;
			remoteGlobalIDString = C96A913D2CEE9706001F03DB;
			remoteInfo = KCDragonBallProf;
		};
/* End PBXContainerItemProxy section */

/* Begin PBXFileReference section */
		C901115F2CF7B27E009879AE /* heroes.json */ = {isa = PBXFileReference; lastKnownFileType = text.json; path = heroes.json; sourceTree = "<group>"; };
		C935F51B2CF8FF94007BF57C /* TransformationsViewController.swift */ = {isa = PBXFileReference; lastKnownFileType = sourcecode.swift; path = TransformationsViewController.swift; sourceTree = "<group>"; };
		C935F51C2CF8FF94007BF57C /* TransformationsViewController.xib */ = {isa = PBXFileReference; lastKnownFileType = file.xib; path = TransformationsViewController.xib; sourceTree = "<group>"; };
		C935F51F2CF900B1007BF57C /* NetworkTransformations.swift */ = {isa = PBXFileReference; lastKnownFileType = sourcecode.swift; path = NetworkTransformations.swift; sourceTree = "<group>"; };
		C935F5212CF9013B007BF57C /* TransformationModel.swift */ = {isa = PBXFileReference; lastKnownFileType = sourcecode.swift; path = TransformationModel.swift; sourceTree = "<group>"; };
		C935F53F2CF906FE007BF57C /* TransformationsRepositoryProtocol.swift */ = {isa = PBXFileReference; lastKnownFileType = sourcecode.swift; path = TransformationsRepositoryProtocol.swift; sourceTree = "<group>"; };
		C935F5412CF90751007BF57C /* TransformationsRepository.swift */ = {isa = PBXFileReference; lastKnownFileType = sourcecode.swift; path = TransformationsRepository.swift; sourceTree = "<group>"; };
		C935F5432CF908F8007BF57C /* transformation.json */ = {isa = PBXFileReference; lastKnownFileType = text.json; path = transformation.json; sourceTree = "<group>"; };
		C935F5452CF9094D007BF57C /* TransformationsViewModel.swift */ = {isa = PBXFileReference; lastKnownFileType = sourcecode.swift; path = TransformationsViewModel.swift; sourceTree = "<group>"; };
		C935F5472CF90A3E007BF57C /* TransformationsUseCase.swift */ = {isa = PBXFileReference; lastKnownFileType = sourcecode.swift; path = TransformationsUseCase.swift; sourceTree = "<group>"; };
		C935F54A2CF915B2007BF57C /* TransformationsViewCell.swift */ = {isa = PBXFileReference; lastKnownFileType = sourcecode.swift; path = TransformationsViewCell.swift; sourceTree = "<group>"; };
		C935F54B2CF915B2007BF57C /* TransformationsViewCell.xib */ = {isa = PBXFileReference; lastKnownFileType = file.xib; path = TransformationsViewCell.xib; sourceTree = "<group>"; };
		C96A913E2CEE9706001F03DB /* KCDragonBallProf.app */ = {isa = PBXFileReference; explicitFileType = wrapper.application; includeInIndex = 0; path = KCDragonBallProf.app; sourceTree = BUILT_PRODUCTS_DIR; };
		C96A91542CEE9707001F03DB /* KCDragonBallProfTests.xctest */ = {isa = PBXFileReference; explicitFileType = wrapper.cfbundle; includeInIndex = 0; path = KCDragonBallProfTests.xctest; sourceTree = BUILT_PRODUCTS_DIR; };
		C96A91772CEE9BB4001F03DB /* AppDelegate.swift */ = {isa = PBXFileReference; lastKnownFileType = sourcecode.swift; path = AppDelegate.swift; sourceTree = "<group>"; };
		C96A91782CEE9BB4001F03DB /* Assets.xcassets */ = {isa = PBXFileReference; lastKnownFileType = folder.assetcatalog; path = Assets.xcassets; sourceTree = "<group>"; };
		C96A91792CEE9BB4001F03DB /* Info.plist */ = {isa = PBXFileReference; lastKnownFileType = text.plist.xml; path = Info.plist; sourceTree = "<group>"; };
		C96A917E2CEE9BB4001F03DB /* SceneDelegate.swift */ = {isa = PBXFileReference; lastKnownFileType = sourcecode.swift; path = SceneDelegate.swift; sourceTree = "<group>"; };
		C96E3DCD2CF658570098898B /* en */ = {isa = PBXFileReference; lastKnownFileType = text.plist.strings; name = en; path = en.lproj/Localizable.strings; sourceTree = "<group>"; };
		C96E3DD12CF658C20098898B /* es-419 */ = {isa = PBXFileReference; lastKnownFileType = text.plist.strings; name = "es-419"; path = "es-419.lproj/Localizable.strings"; sourceTree = "<group>"; };
		C96E3DD42CF66DDB0098898B /* HeroesModel.swift */ = {isa = PBXFileReference; lastKnownFileType = sourcecode.swift; path = HeroesModel.swift; sourceTree = "<group>"; };
		C96E3DD62CF66FA40098898B /* HeroesRepositoryProtocol.swift */ = {isa = PBXFileReference; lastKnownFileType = sourcecode.swift; path = HeroesRepositoryProtocol.swift; sourceTree = "<group>"; };
		C96E3DD82CF66FEA0098898B /* NetworkHeroes.swift */ = {isa = PBXFileReference; lastKnownFileType = sourcecode.swift; path = NetworkHeroes.swift; sourceTree = "<group>"; };
		C96E3DDC2CF678430098898B /* HeroesRepository.swift */ = {isa = PBXFileReference; lastKnownFileType = sourcecode.swift; path = HeroesRepository.swift; sourceTree = "<group>"; };
		C96E3DDE2CF679B60098898B /* HeroesUseCase.swift */ = {isa = PBXFileReference; lastKnownFileType = sourcecode.swift; path = HeroesUseCase.swift; sourceTree = "<group>"; };
		C96E3DE02CF67C0B0098898B /* HeroesViewModel.swift */ = {isa = PBXFileReference; lastKnownFileType = sourcecode.swift; path = HeroesViewModel.swift; sourceTree = "<group>"; };
		C96E3DE22CF68D230098898B /* HeroesListViewController.swift */ = {isa = PBXFileReference; lastKnownFileType = sourcecode.swift; path = HeroesListViewController.swift; sourceTree = "<group>"; };
		C96E3DE32CF68D230098898B /* HeroesListViewController.xib */ = {isa = PBXFileReference; lastKnownFileType = file.xib; path = HeroesListViewController.xib; sourceTree = "<group>"; };
		C96E3DE72CF693B10098898B /* HeroViewCell.swift */ = {isa = PBXFileReference; lastKnownFileType = sourcecode.swift; path = HeroViewCell.swift; sourceTree = "<group>"; };
		C96E3DE82CF693B10098898B /* HeroViewCell.xib */ = {isa = PBXFileReference; lastKnownFileType = file.xib; path = HeroViewCell.xib; sourceTree = "<group>"; };
		C96E3DEB2CF695800098898B /* UIImage+Extensions.swift */ = {isa = PBXFileReference; lastKnownFileType = sourcecode.swift; path = "UIImage+Extensions.swift"; sourceTree = "<group>"; };
		C97B79F82CF500940025FA33 /* LoginViewController.swift */ = {isa = PBXFileReference; lastKnownFileType = sourcecode.swift; path = LoginViewController.swift; sourceTree = "<group>"; };
		C97B79F92CF500940025FA33 /* LoginViewController.xib */ = {isa = PBXFileReference; lastKnownFileType = file.xib; path = LoginViewController.xib; sourceTree = "<group>"; };
		C97B79FC2CF507550025FA33 /* AppState.swift */ = {isa = PBXFileReference; lastKnownFileType = sourcecode.swift; path = AppState.swift; sourceTree = "<group>"; };
		C97B79FE2CF507C50025FA33 /* LoginUseCase.swift */ = {isa = PBXFileReference; lastKnownFileType = sourcecode.swift; path = LoginUseCase.swift; sourceTree = "<group>"; };
		C97B7A002CF507E70025FA33 /* LoginRepositoryProtocol.swift */ = {isa = PBXFileReference; lastKnownFileType = sourcecode.swift; path = LoginRepositoryProtocol.swift; sourceTree = "<group>"; };
		C97B7A022CF508880025FA33 /* LoginUseCaseProtocol.swift */ = {isa = PBXFileReference; lastKnownFileType = sourcecode.swift; path = LoginUseCaseProtocol.swift; sourceTree = "<group>"; };
		C97B7A042CF508F50025FA33 /* EndPoints.swift */ = {isa = PBXFileReference; lastKnownFileType = sourcecode.swift; path = EndPoints.swift; sourceTree = "<group>"; };
		C97B7A062CF509360025FA33 /* HTTPReponseCodes.swift */ = {isa = PBXFileReference; lastKnownFileType = sourcecode.swift; path = HTTPReponseCodes.swift; sourceTree = "<group>"; };
		C97B7A082CF5096E0025FA33 /* HTTPMethods.swift */ = {isa = PBXFileReference; lastKnownFileType = sourcecode.swift; path = HTTPMethods.swift; sourceTree = "<group>"; };
		C97B7A0B2CF50A130025FA33 /* ConstantsApp.swift */ = {isa = PBXFileReference; lastKnownFileType = sourcecode.swift; path = ConstantsApp.swift; sourceTree = "<group>"; };
		C97B7A0D2CF50A960025FA33 /* NetworkLogin.swift */ = {isa = PBXFileReference; lastKnownFileType = sourcecode.swift; path = NetworkLogin.swift; sourceTree = "<group>"; };
		C97B7A122CF510F40025FA33 /* LoginRepository.swift */ = {isa = PBXFileReference; lastKnownFileType = sourcecode.swift; path = LoginRepository.swift; sourceTree = "<group>"; };
		C97B7A202CF539810025FA33 /* ErrorViewController.swift */ = {isa = PBXFileReference; lastKnownFileType = sourcecode.swift; path = ErrorViewController.swift; sourceTree = "<group>"; };
		C97B7A212CF539810025FA33 /* ErrorViewController.xib */ = {isa = PBXFileReference; lastKnownFileType = file.xib; path = ErrorViewController.xib; sourceTree = "<group>"; };
		C99811442CFBB52900C7642D /* Binding.swift */ = {isa = PBXFileReference; lastKnownFileType = sourcecode.swift; path = Binding.swift; sourceTree = "<group>"; };
		C99811462CFBB59F00C7642D /* SplashViewModel.swift */ = {isa = PBXFileReference; lastKnownFileType = sourcecode.swift; path = SplashViewModel.swift; sourceTree = "<group>"; };
		C99811482CFBB63E00C7642D /* SplashViewController.swift */ = {isa = PBXFileReference; lastKnownFileType = sourcecode.swift; path = SplashViewController.swift; sourceTree = "<group>"; };
		C99811492CFBB63E00C7642D /* SplashViewController.xib */ = {isa = PBXFileReference; lastKnownFileType = file.xib; path = SplashViewController.xib; sourceTree = "<group>"; };
		C998114C2CFBBA9400C7642D /* SplashBuilder.swift */ = {isa = PBXFileReference; lastKnownFileType = sourcecode.swift; path = SplashBuilder.swift; sourceTree = "<group>"; };
/* End PBXFileReference section */

/* Begin PBXFileSystemSynchronizedRootGroup section */
		C96A91572CEE9707001F03DB /* KCDragonBallProfTests */ = {
			isa = PBXFileSystemSynchronizedRootGroup;
			path = KCDragonBallProfTests;
			sourceTree = "<group>";
		};
/* End PBXFileSystemSynchronizedRootGroup section */

/* Begin PBXFrameworksBuildPhase section */
		C96A913B2CEE9706001F03DB /* Frameworks */ = {
			isa = PBXFrameworksBuildPhase;
			buildActionMask = 2147483647;
			files = (
				C97B7A1B2CF524F60025FA33 /* CombineCocoa in Frameworks */,
				C97B7A182CF513CE0025FA33 /* KeychainSwift in Frameworks */,
			);
			runOnlyForDeploymentPostprocessing = 0;
		};
		C96A91512CEE9707001F03DB /* Frameworks */ = {
			isa = PBXFrameworksBuildPhase;
			buildActionMask = 2147483647;
			files = (
			);
			runOnlyForDeploymentPostprocessing = 0;
		};
/* End PBXFrameworksBuildPhase section */

/* Begin PBXGroup section */
		C901115E2CF7B274009879AE /* Resources */ = {
			isa = PBXGroup;
			children = (
				C935F5432CF908F8007BF57C /* transformation.json */,
				C901115F2CF7B27E009879AE /* heroes.json */,
			);
			path = Resources;
			sourceTree = "<group>";
		};
		C935F5162CF8FDC8007BF57C /* Transformations */ = {
			isa = PBXGroup;
			children = (
				C935F5492CF91598007BF57C /* Cell */,
				C935F51B2CF8FF94007BF57C /* TransformationsViewController.swift */,
				C935F51C2CF8FF94007BF57C /* TransformationsViewController.xib */,
			);
			path = Transformations;
			sourceTree = "<group>";
		};
		C935F5492CF91598007BF57C /* Cell */ = {
			isa = PBXGroup;
			children = (
				C935F54A2CF915B2007BF57C /* TransformationsViewCell.swift */,
				C935F54B2CF915B2007BF57C /* TransformationsViewCell.xib */,
			);
			path = Cell;
			sourceTree = "<group>";
		};
		C96A91352CEE9706001F03DB = {
			isa = PBXGroup;
			children = (
				C96E3DCC2CF658570098898B /* Localizable.strings */,
				C96A91802CEE9BB4001F03DB /* KCDragonBallProf */,
				C96A91572CEE9707001F03DB /* KCDragonBallProfTests */,
				C96A913F2CEE9706001F03DB /* Products */,
			);
			sourceTree = "<group>";
		};
		C96A913F2CEE9706001F03DB /* Products */ = {
			isa = PBXGroup;
			children = (
				C96A913E2CEE9706001F03DB /* KCDragonBallProf.app */,
				C96A91542CEE9707001F03DB /* KCDragonBallProfTests.xctest */,
			);
			name = Products;
			sourceTree = "<group>";
		};
		C96A91802CEE9BB4001F03DB /* KCDragonBallProf */ = {
			isa = PBXGroup;
			children = (
				C901115E2CF7B274009879AE /* Resources */,
				C96A91882CEE9BC6001F03DB /* Presentation */,
				C96A91892CEE9BCF001F03DB /* Domain */,
				C96A918A2CEE9BD4001F03DB /* Data */,
				C96A91772CEE9BB4001F03DB /* AppDelegate.swift */,
				C96A91782CEE9BB4001F03DB /* Assets.xcassets */,
				C96A91792CEE9BB4001F03DB /* Info.plist */,
				C96A917E2CEE9BB4001F03DB /* SceneDelegate.swift */,
			);
			path = KCDragonBallProf;
			sourceTree = "<group>";
		};
		C96A91882CEE9BC6001F03DB /* Presentation */ = {
			isa = PBXGroup;
			children = (
				C96A91952CEE9D43001F03DB /* ViewModel */,
				C96A91942CEE9D3D001F03DB /* Views */,
			);
			path = Presentation;
			sourceTree = "<group>";
		};
		C96A91892CEE9BCF001F03DB /* Domain */ = {
			isa = PBXGroup;
			children = (
				C96A91932CEE9D31001F03DB /* Extensions */,
				C96A918F2CEE9D04001F03DB /* Protocols */,
				C96A91922CEE9D20001F03DB /* UseCases */,
				C96A91912CEE9D15001F03DB /* Entities */,
				C96A91902CEE9D0E001F03DB /* Tools */,
			);
			path = Domain;
			sourceTree = "<group>";
		};
		C96A918A2CEE9BD4001F03DB /* Data */ = {
			isa = PBXGroup;
			children = (
				C96A918D2CEE9CB7001F03DB /* Repositories */,
				C96A918C2CEE9CB1001F03DB /* Network */,
				C96A918B2CEE9CAB001F03DB /* Local */,
			);
			path = Data;
			sourceTree = "<group>";
		};
		C96A918B2CEE9CAB001F03DB /* Local */ = {
			isa = PBXGroup;
			children = (
				C97B7A0B2CF50A130025FA33 /* ConstantsApp.swift */,
			);
			path = Local;
			sourceTree = "<group>";
		};
		C96A918C2CEE9CB1001F03DB /* Network */ = {
			isa = PBXGroup;
			children = (
				C96A918E2CEE9CC1001F03DB /* BaseNetwork */,
			);
			path = Network;
			sourceTree = "<group>";
		};
		C96A918D2CEE9CB7001F03DB /* Repositories */ = {
			isa = PBXGroup;
			children = (
				C97B7A122CF510F40025FA33 /* LoginRepository.swift */,
				C96E3DDC2CF678430098898B /* HeroesRepository.swift */,
				C935F5412CF90751007BF57C /* TransformationsRepository.swift */,
			);
			path = Repositories;
			sourceTree = "<group>";
		};
		C96A918E2CEE9CC1001F03DB /* BaseNetwork */ = {
			isa = PBXGroup;
			children = (
				C97B7A042CF508F50025FA33 /* EndPoints.swift */,
				C97B7A062CF509360025FA33 /* HTTPReponseCodes.swift */,
				C97B7A082CF5096E0025FA33 /* HTTPMethods.swift */,
				C97B7A0D2CF50A960025FA33 /* NetworkLogin.swift */,
				C96E3DD82CF66FEA0098898B /* NetworkHeroes.swift */,
				C935F51F2CF900B1007BF57C /* NetworkTransformations.swift */,
			);
			path = BaseNetwork;
			sourceTree = "<group>";
		};
		C96A918F2CEE9D04001F03DB /* Protocols */ = {
			isa = PBXGroup;
			children = (
				C97B7A002CF507E70025FA33 /* LoginRepositoryProtocol.swift */,
				C97B7A022CF508880025FA33 /* LoginUseCaseProtocol.swift */,
				C96E3DD62CF66FA40098898B /* HeroesRepositoryProtocol.swift */,
				C935F53F2CF906FE007BF57C /* TransformationsRepositoryProtocol.swift */,
			);
			path = Protocols;
			sourceTree = "<group>";
		};
		C96A91902CEE9D0E001F03DB /* Tools */ = {
			isa = PBXGroup;
			children = (
			);
			path = Tools;
			sourceTree = "<group>";
		};
		C96A91912CEE9D15001F03DB /* Entities */ = {
			isa = PBXGroup;
			children = (
				C96E3DD42CF66DDB0098898B /* HeroesModel.swift */,
				C935F5212CF9013B007BF57C /* TransformationModel.swift */,
			);
			path = Entities;
			sourceTree = "<group>";
		};
		C96A91922CEE9D20001F03DB /* UseCases */ = {
			isa = PBXGroup;
			children = (
				C97B79FE2CF507C50025FA33 /* LoginUseCase.swift */,
				C96E3DDE2CF679B60098898B /* HeroesUseCase.swift */,
				C935F5472CF90A3E007BF57C /* TransformationsUseCase.swift */,
			);
			path = UseCases;
			sourceTree = "<group>";
		};
		C96A91932CEE9D31001F03DB /* Extensions */ = {
			isa = PBXGroup;
			children = (
			);
			path = Extensions;
			sourceTree = "<group>";
		};
		C96A91942CEE9D3D001F03DB /* Views */ = {
			isa = PBXGroup;
			children = (
				C935F5162CF8FDC8007BF57C /* Transformations */,
				C96A91982CEE9D5D001F03DB /* Error */,
				C96A91972CEE9D58001F03DB /* Home */,
				C96A91962CEE9D4E001F03DB /* Login */,
				C96E3DEB2CF695800098898B /* UIImage+Extensions.swift */,
				C99810CF2CFBB22F00C7642D /* Splash */,
				C99811442CFBB52900C7642D /* Binding.swift */,
			);
			path = Views;
			sourceTree = "<group>";
		};
		C96A91952CEE9D43001F03DB /* ViewModel */ = {
			isa = PBXGroup;
			children = (
				C97B79FC2CF507550025FA33 /* AppState.swift */,
				C96E3DE02CF67C0B0098898B /* HeroesViewModel.swift */,
				C935F5452CF9094D007BF57C /* TransformationsViewModel.swift */,
			);
			path = ViewModel;
			sourceTree = "<group>";
		};
		C96A91962CEE9D4E001F03DB /* Login */ = {
			isa = PBXGroup;
			children = (
				C97B79F82CF500940025FA33 /* LoginViewController.swift */,
				C97B79F92CF500940025FA33 /* LoginViewController.xib */,
			);
			path = Login;
			sourceTree = "<group>";
		};
		C96A91972CEE9D58001F03DB /* Home */ = {
			isa = PBXGroup;
			children = (
				C96E3DE62CF692D40098898B /* Cell */,
				C96E3DE22CF68D230098898B /* HeroesListViewController.swift */,
				C96E3DE32CF68D230098898B /* HeroesListViewController.xib */,
			);
			path = Home;
			sourceTree = "<group>";
		};
		C96A91982CEE9D5D001F03DB /* Error */ = {
			isa = PBXGroup;
			children = (
				C97B7A202CF539810025FA33 /* ErrorViewController.swift */,
				C97B7A212CF539810025FA33 /* ErrorViewController.xib */,
			);
			path = Error;
			sourceTree = "<group>";
		};
		C96E3DE62CF692D40098898B /* Cell */ = {
			isa = PBXGroup;
			children = (
				C96E3DE72CF693B10098898B /* HeroViewCell.swift */,
				C96E3DE82CF693B10098898B /* HeroViewCell.xib */,
			);
			path = Cell;
			sourceTree = "<group>";
		};
		C99810CF2CFBB22F00C7642D /* Splash */ = {
			isa = PBXGroup;
			children = (
				C99811462CFBB59F00C7642D /* SplashViewModel.swift */,
				C99811482CFBB63E00C7642D /* SplashViewController.swift */,
				C99811492CFBB63E00C7642D /* SplashViewController.xib */,
				C998114C2CFBBA9400C7642D /* SplashBuilder.swift */,
			);
			path = Splash;
			sourceTree = "<group>";
		};
/* End PBXGroup section */

/* Begin PBXNativeTarget section */
		C96A913D2CEE9706001F03DB /* KCDragonBallProf */ = {
			isa = PBXNativeTarget;
			buildConfigurationList = C96A91672CEE9707001F03DB /* Build configuration list for PBXNativeTarget "KCDragonBallProf" */;
			buildPhases = (
				C96A913A2CEE9706001F03DB /* Sources */,
				C96A913B2CEE9706001F03DB /* Frameworks */,
				C96A913C2CEE9706001F03DB /* Resources */,
			);
			buildRules = (
			);
			dependencies = (
			);
			name = KCDragonBallProf;
			packageProductDependencies = (
				C97B7A172CF513CE0025FA33 /* KeychainSwift */,
				C97B7A1A2CF524F60025FA33 /* CombineCocoa */,
			);
			productName = KCDragonBallProf;
			productReference = C96A913E2CEE9706001F03DB /* KCDragonBallProf.app */;
			productType = "com.apple.product-type.application";
		};
		C96A91532CEE9707001F03DB /* KCDragonBallProfTests */ = {
			isa = PBXNativeTarget;
			buildConfigurationList = C96A916C2CEE9707001F03DB /* Build configuration list for PBXNativeTarget "KCDragonBallProfTests" */;
			buildPhases = (
				C96A91502CEE9707001F03DB /* Sources */,
				C96A91512CEE9707001F03DB /* Frameworks */,
				C96A91522CEE9707001F03DB /* Resources */,
			);
			buildRules = (
			);
			dependencies = (
				C96A91562CEE9707001F03DB /* PBXTargetDependency */,
			);
			fileSystemSynchronizedGroups = (
				C96A91572CEE9707001F03DB /* KCDragonBallProfTests */,
			);
			name = KCDragonBallProfTests;
			packageProductDependencies = (
			);
			productName = KCDragonBallProfTests;
			productReference = C96A91542CEE9707001F03DB /* KCDragonBallProfTests.xctest */;
			productType = "com.apple.product-type.bundle.unit-test";
		};
/* End PBXNativeTarget section */

/* Begin PBXProject section */
		C96A91362CEE9706001F03DB /* Project object */ = {
			isa = PBXProject;
			attributes = {
				BuildIndependentTargetsInParallel = 1;
				LastSwiftUpdateCheck = 1600;
				LastUpgradeCheck = 1600;
				TargetAttributes = {
					C96A913D2CEE9706001F03DB = {
						CreatedOnToolsVersion = 16.0;
					};
					C96A91532CEE9707001F03DB = {
						CreatedOnToolsVersion = 16.0;
						TestTargetID = C96A913D2CEE9706001F03DB;
					};
				};
			};
			buildConfigurationList = C96A91392CEE9706001F03DB /* Build configuration list for PBXProject "KCDragonBallProf" */;
			developmentRegion = en;
			hasScannedForEncodings = 0;
			knownRegions = (
				en,
				Base,
				"es-419",
			);
			mainGroup = C96A91352CEE9706001F03DB;
			minimizedProjectReferenceProxies = 1;
			packageReferences = (
				C97B7A162CF513CE0025FA33 /* XCRemoteSwiftPackageReference "keychain-swift" */,
				C97B7A192CF524F60025FA33 /* XCRemoteSwiftPackageReference "CombineCocoa" */,
			);
			preferredProjectObjectVersion = 77;
			productRefGroup = C96A913F2CEE9706001F03DB /* Products */;
			projectDirPath = "";
			projectRoot = "";
			targets = (
				C96A913D2CEE9706001F03DB /* KCDragonBallProf */,
				C96A91532CEE9707001F03DB /* KCDragonBallProfTests */,
			);
		};
/* End PBXProject section */

/* Begin PBXResourcesBuildPhase section */
		C96A913C2CEE9706001F03DB /* Resources */ = {
			isa = PBXResourcesBuildPhase;
			buildActionMask = 2147483647;
			files = (
				C96A91812CEE9BB4001F03DB /* Assets.xcassets in Resources */,
				C935F51E2CF8FF94007BF57C /* TransformationsViewController.xib in Resources */,
				C935F5442CF908FD007BF57C /* transformation.json in Resources */,
				C90111602CF7B286009879AE /* heroes.json in Resources */,
				C96E3DE52CF68D230098898B /* HeroesListViewController.xib in Resources */,
				C96E3DEA2CF693B10098898B /* HeroViewCell.xib in Resources */,
				C935F54D2CF915B2007BF57C /* TransformationsViewCell.xib in Resources */,
				C998114B2CFBB63E00C7642D /* SplashViewController.xib in Resources */,
				C96E3DCF2CF658570098898B /* Localizable.strings in Resources */,
				C97B7A222CF539810025FA33 /* ErrorViewController.xib in Resources */,
				C97B79FA2CF500940025FA33 /* LoginViewController.xib in Resources */,
			);
			runOnlyForDeploymentPostprocessing = 0;
		};
		C96A91522CEE9707001F03DB /* Resources */ = {
			isa = PBXResourcesBuildPhase;
			buildActionMask = 2147483647;
			files = (
				C96E3DCE2CF658570098898B /* Localizable.strings in Resources */,
			);
			runOnlyForDeploymentPostprocessing = 0;
		};
/* End PBXResourcesBuildPhase section */

/* Begin PBXSourcesBuildPhase section */
		C96A913A2CEE9706001F03DB /* Sources */ = {
			isa = PBXSourcesBuildPhase;
			buildActionMask = 2147483647;
			files = (
				C935F5402CF906FE007BF57C /* TransformationsRepositoryProtocol.swift in Sources */,
				C97B7A0E2CF50A960025FA33 /* NetworkLogin.swift in Sources */,
				C935F54C2CF915B2007BF57C /* TransformationsViewCell.swift in Sources */,
				C998114A2CFBB63E00C7642D /* SplashViewController.swift in Sources */,
				C96E3DDF2CF679B60098898B /* HeroesUseCase.swift in Sources */,
				C97B7A092CF5096E0025FA33 /* HTTPMethods.swift in Sources */,
				C96E3DE92CF693B10098898B /* HeroViewCell.swift in Sources */,
				C96E3DD92CF66FEA0098898B /* NetworkHeroes.swift in Sources */,
				C97B7A032CF508880025FA33 /* LoginUseCaseProtocol.swift in Sources */,
				C96E3DD72CF66FA40098898B /* HeroesRepositoryProtocol.swift in Sources */,
				C96E3DD52CF66DDB0098898B /* HeroesModel.swift in Sources */,
				C97B7A132CF510F40025FA33 /* LoginRepository.swift in Sources */,
				C99811472CFBB59F00C7642D /* SplashViewModel.swift in Sources */,
				C97B79FB2CF500940025FA33 /* LoginViewController.swift in Sources */,
				C97B7A072CF509360025FA33 /* HTTPReponseCodes.swift in Sources */,
				C96E3DDD2CF678430098898B /* HeroesRepository.swift in Sources */,
				C96A91852CEE9BB4001F03DB /* AppDelegate.swift in Sources */,
				C97B7A0C2CF50A130025FA33 /* ConstantsApp.swift in Sources */,
				C96E3DE12CF67C0B0098898B /* HeroesViewModel.swift in Sources */,
				C935F5422CF90751007BF57C /* TransformationsRepository.swift in Sources */,
				C96E3DEC2CF695800098898B /* UIImage+Extensions.swift in Sources */,
				C935F5202CF900B1007BF57C /* NetworkTransformations.swift in Sources */,
				C96A91862CEE9BB4001F03DB /* SceneDelegate.swift in Sources */,
				C935F5482CF90A3E007BF57C /* TransformationsUseCase.swift in Sources */,
				C97B79FD2CF507550025FA33 /* AppState.swift in Sources */,
				C97B79FF2CF507C50025FA33 /* LoginUseCase.swift in Sources */,
				C96E3DE42CF68D230098898B /* HeroesListViewController.swift in Sources */,
				C99811452CFBB52900C7642D /* Binding.swift in Sources */,
				C97B7A052CF508F50025FA33 /* EndPoints.swift in Sources */,
				C935F5222CF9013B007BF57C /* TransformationModel.swift in Sources */,
				C97B7A012CF507E70025FA33 /* LoginRepositoryProtocol.swift in Sources */,
				C935F5462CF9094D007BF57C /* TransformationsViewModel.swift in Sources */,
				C97B7A232CF539810025FA33 /* ErrorViewController.swift in Sources */,
				C998114D2CFBBA9400C7642D /* SplashBuilder.swift in Sources */,
				C935F51D2CF8FF94007BF57C /* TransformationsViewController.swift in Sources */,
			);
			runOnlyForDeploymentPostprocessing = 0;
		};
		C96A91502CEE9707001F03DB /* Sources */ = {
			isa = PBXSourcesBuildPhase;
			buildActionMask = 2147483647;
			files = (
			);
			runOnlyForDeploymentPostprocessing = 0;
		};
/* End PBXSourcesBuildPhase section */

/* Begin PBXTargetDependency section */
		C96A91562CEE9707001F03DB /* PBXTargetDependency */ = {
			isa = PBXTargetDependency;
			target = C96A913D2CEE9706001F03DB /* KCDragonBallProf */;
			targetProxy = C96A91552CEE9707001F03DB /* PBXContainerItemProxy */;
		};
/* End PBXTargetDependency section */

/* Begin PBXVariantGroup section */
		C96E3DCC2CF658570098898B /* Localizable.strings */ = {
			isa = PBXVariantGroup;
			children = (
				C96E3DCD2CF658570098898B /* en */,
				C96E3DD12CF658C20098898B /* es-419 */,
			);
			name = Localizable.strings;
			sourceTree = "<group>";
		};
/* End PBXVariantGroup section */

/* Begin XCBuildConfiguration section */
		C96A91682CEE9707001F03DB /* Debug */ = {
			isa = XCBuildConfiguration;
			buildSettings = {
				ASSETCATALOG_COMPILER_APPICON_NAME = AppIcon;
				ASSETCATALOG_COMPILER_GLOBAL_ACCENT_COLOR_NAME = AccentColor;
				CODE_SIGN_STYLE = Automatic;
				CURRENT_PROJECT_VERSION = 1;
				DEVELOPMENT_TEAM = F7BUD43D47;
				GENERATE_INFOPLIST_FILE = YES;
				INFOPLIST_FILE = KCDragonBallProf/Info.plist;
				INFOPLIST_KEY_CFBundleDisplayName = "Dragon Ball";
				INFOPLIST_KEY_UIApplicationSupportsIndirectInputEvents = YES;
				INFOPLIST_KEY_UILaunchStoryboardName = LaunchScreen;
				INFOPLIST_KEY_UISupportedInterfaceOrientations = UIInterfaceOrientationPortrait;
				INFOPLIST_KEY_UISupportedInterfaceOrientations_iPad = "UIInterfaceOrientationLandscapeLeft UIInterfaceOrientationLandscapeRight UIInterfaceOrientationPortrait UIInterfaceOrientationPortraitUpsideDown";
				LD_RUNPATH_SEARCH_PATHS = (
					"$(inherited)",
					"@executable_path/Frameworks",
				);
				MARKETING_VERSION = 1.0;
				PRODUCT_BUNDLE_IDENTIFIER = com.kevinhe.KCDragonBallProf;
				PRODUCT_NAME = "$(TARGET_NAME)";
				SUPPORTED_PLATFORMS = "iphoneos iphonesimulator";
				SUPPORTS_MACCATALYST = NO;
				SUPPORTS_MAC_DESIGNED_FOR_IPHONE_IPAD = NO;
				SUPPORTS_XR_DESIGNED_FOR_IPHONE_IPAD = NO;
				SWIFT_EMIT_LOC_STRINGS = YES;
				SWIFT_VERSION = 5.0;
				TARGETED_DEVICE_FAMILY = 1;
			};
			name = Debug;
		};
		C96A91692CEE9707001F03DB /* Release */ = {
			isa = XCBuildConfiguration;
			buildSettings = {
				ASSETCATALOG_COMPILER_APPICON_NAME = AppIcon;
				ASSETCATALOG_COMPILER_GLOBAL_ACCENT_COLOR_NAME = AccentColor;
				CODE_SIGN_STYLE = Automatic;
				CURRENT_PROJECT_VERSION = 1;
				DEVELOPMENT_TEAM = F7BUD43D47;
				GENERATE_INFOPLIST_FILE = YES;
				INFOPLIST_FILE = KCDragonBallProf/Info.plist;
				INFOPLIST_KEY_CFBundleDisplayName = "Dragon Ball";
				INFOPLIST_KEY_UIApplicationSupportsIndirectInputEvents = YES;
				INFOPLIST_KEY_UILaunchStoryboardName = LaunchScreen;
				INFOPLIST_KEY_UISupportedInterfaceOrientations = UIInterfaceOrientationPortrait;
				INFOPLIST_KEY_UISupportedInterfaceOrientations_iPad = "UIInterfaceOrientationLandscapeLeft UIInterfaceOrientationLandscapeRight UIInterfaceOrientationPortrait UIInterfaceOrientationPortraitUpsideDown";
				LD_RUNPATH_SEARCH_PATHS = (
					"$(inherited)",
					"@executable_path/Frameworks",
				);
				MARKETING_VERSION = 1.0;
				PRODUCT_BUNDLE_IDENTIFIER = com.kevinhe.KCDragonBallProf;
				PRODUCT_NAME = "$(TARGET_NAME)";
				SUPPORTED_PLATFORMS = "iphoneos iphonesimulator";
				SUPPORTS_MACCATALYST = NO;
				SUPPORTS_MAC_DESIGNED_FOR_IPHONE_IPAD = NO;
				SUPPORTS_XR_DESIGNED_FOR_IPHONE_IPAD = NO;
				SWIFT_EMIT_LOC_STRINGS = YES;
				SWIFT_VERSION = 5.0;
				TARGETED_DEVICE_FAMILY = 1;
			};
			name = Release;
		};
		C96A916A2CEE9707001F03DB /* Debug */ = {
			isa = XCBuildConfiguration;
			buildSettings = {
				ALWAYS_SEARCH_USER_PATHS = NO;
				ASSETCATALOG_COMPILER_GENERATE_SWIFT_ASSET_SYMBOL_EXTENSIONS = YES;
				CLANG_ANALYZER_LOCALIZABILITY_NONLOCALIZED = YES;
				CLANG_ANALYZER_NONNULL = YES;
				CLANG_ANALYZER_NUMBER_OBJECT_CONVERSION = YES_AGGRESSIVE;
				CLANG_CXX_LANGUAGE_STANDARD = "gnu++20";
				CLANG_ENABLE_MODULES = YES;
				CLANG_ENABLE_OBJC_ARC = YES;
				CLANG_ENABLE_OBJC_WEAK = YES;
				CLANG_WARN_BLOCK_CAPTURE_AUTORELEASING = YES;
				CLANG_WARN_BOOL_CONVERSION = YES;
				CLANG_WARN_COMMA = YES;
				CLANG_WARN_CONSTANT_CONVERSION = YES;
				CLANG_WARN_DEPRECATED_OBJC_IMPLEMENTATIONS = YES;
				CLANG_WARN_DIRECT_OBJC_ISA_USAGE = YES_ERROR;
				CLANG_WARN_DOCUMENTATION_COMMENTS = YES;
				CLANG_WARN_EMPTY_BODY = YES;
				CLANG_WARN_ENUM_CONVERSION = YES;
				CLANG_WARN_INFINITE_RECURSION = YES;
				CLANG_WARN_INT_CONVERSION = YES;
				CLANG_WARN_NON_LITERAL_NULL_CONVERSION = YES;
				CLANG_WARN_OBJC_IMPLICIT_RETAIN_SELF = YES;
				CLANG_WARN_OBJC_LITERAL_CONVERSION = YES;
				CLANG_WARN_OBJC_ROOT_CLASS = YES_ERROR;
				CLANG_WARN_QUOTED_INCLUDE_IN_FRAMEWORK_HEADER = YES;
				CLANG_WARN_RANGE_LOOP_ANALYSIS = YES;
				CLANG_WARN_STRICT_PROTOTYPES = YES;
				CLANG_WARN_SUSPICIOUS_MOVE = YES;
				CLANG_WARN_UNGUARDED_AVAILABILITY = YES_AGGRESSIVE;
				CLANG_WARN_UNREACHABLE_CODE = YES;
				CLANG_WARN__DUPLICATE_METHOD_MATCH = YES;
				COPY_PHASE_STRIP = NO;
				DEBUG_INFORMATION_FORMAT = dwarf;
				ENABLE_STRICT_OBJC_MSGSEND = YES;
				ENABLE_TESTABILITY = YES;
				ENABLE_USER_SCRIPT_SANDBOXING = YES;
				GCC_C_LANGUAGE_STANDARD = gnu17;
				GCC_DYNAMIC_NO_PIC = NO;
				GCC_NO_COMMON_BLOCKS = YES;
				GCC_OPTIMIZATION_LEVEL = 0;
				GCC_PREPROCESSOR_DEFINITIONS = (
					"DEBUG=1",
					"$(inherited)",
				);
				GCC_WARN_64_TO_32_BIT_CONVERSION = YES;
				GCC_WARN_ABOUT_RETURN_TYPE = YES_ERROR;
				GCC_WARN_UNDECLARED_SELECTOR = YES;
				GCC_WARN_UNINITIALIZED_AUTOS = YES_AGGRESSIVE;
				GCC_WARN_UNUSED_FUNCTION = YES;
				GCC_WARN_UNUSED_VARIABLE = YES;
				IPHONEOS_DEPLOYMENT_TARGET = 18.0;
				LOCALIZATION_PREFERS_STRING_CATALOGS = YES;
				MTL_ENABLE_DEBUG_INFO = INCLUDE_SOURCE;
				MTL_FAST_MATH = YES;
				ONLY_ACTIVE_ARCH = YES;
				SDKROOT = iphoneos;
				SWIFT_ACTIVE_COMPILATION_CONDITIONS = "DEBUG $(inherited)";
				SWIFT_OPTIMIZATION_LEVEL = "-Onone";
			};
			name = Debug;
		};
		C96A916B2CEE9707001F03DB /* Release */ = {
			isa = XCBuildConfiguration;
			buildSettings = {
				ALWAYS_SEARCH_USER_PATHS = NO;
				ASSETCATALOG_COMPILER_GENERATE_SWIFT_ASSET_SYMBOL_EXTENSIONS = YES;
				CLANG_ANALYZER_LOCALIZABILITY_NONLOCALIZED = YES;
				CLANG_ANALYZER_NONNULL = YES;
				CLANG_ANALYZER_NUMBER_OBJECT_CONVERSION = YES_AGGRESSIVE;
				CLANG_CXX_LANGUAGE_STANDARD = "gnu++20";
				CLANG_ENABLE_MODULES = YES;
				CLANG_ENABLE_OBJC_ARC = YES;
				CLANG_ENABLE_OBJC_WEAK = YES;
				CLANG_WARN_BLOCK_CAPTURE_AUTORELEASING = YES;
				CLANG_WARN_BOOL_CONVERSION = YES;
				CLANG_WARN_COMMA = YES;
				CLANG_WARN_CONSTANT_CONVERSION = YES;
				CLANG_WARN_DEPRECATED_OBJC_IMPLEMENTATIONS = YES;
				CLANG_WARN_DIRECT_OBJC_ISA_USAGE = YES_ERROR;
				CLANG_WARN_DOCUMENTATION_COMMENTS = YES;
				CLANG_WARN_EMPTY_BODY = YES;
				CLANG_WARN_ENUM_CONVERSION = YES;
				CLANG_WARN_INFINITE_RECURSION = YES;
				CLANG_WARN_INT_CONVERSION = YES;
				CLANG_WARN_NON_LITERAL_NULL_CONVERSION = YES;
				CLANG_WARN_OBJC_IMPLICIT_RETAIN_SELF = YES;
				CLANG_WARN_OBJC_LITERAL_CONVERSION = YES;
				CLANG_WARN_OBJC_ROOT_CLASS = YES_ERROR;
				CLANG_WARN_QUOTED_INCLUDE_IN_FRAMEWORK_HEADER = YES;
				CLANG_WARN_RANGE_LOOP_ANALYSIS = YES;
				CLANG_WARN_STRICT_PROTOTYPES = YES;
				CLANG_WARN_SUSPICIOUS_MOVE = YES;
				CLANG_WARN_UNGUARDED_AVAILABILITY = YES_AGGRESSIVE;
				CLANG_WARN_UNREACHABLE_CODE = YES;
				CLANG_WARN__DUPLICATE_METHOD_MATCH = YES;
				COPY_PHASE_STRIP = NO;
				DEBUG_INFORMATION_FORMAT = "dwarf-with-dsym";
				ENABLE_NS_ASSERTIONS = NO;
				ENABLE_STRICT_OBJC_MSGSEND = YES;
				ENABLE_USER_SCRIPT_SANDBOXING = YES;
				GCC_C_LANGUAGE_STANDARD = gnu17;
				GCC_NO_COMMON_BLOCKS = YES;
				GCC_WARN_64_TO_32_BIT_CONVERSION = YES;
				GCC_WARN_ABOUT_RETURN_TYPE = YES_ERROR;
				GCC_WARN_UNDECLARED_SELECTOR = YES;
				GCC_WARN_UNINITIALIZED_AUTOS = YES_AGGRESSIVE;
				GCC_WARN_UNUSED_FUNCTION = YES;
				GCC_WARN_UNUSED_VARIABLE = YES;
				IPHONEOS_DEPLOYMENT_TARGET = 18.0;
				LOCALIZATION_PREFERS_STRING_CATALOGS = YES;
				MTL_ENABLE_DEBUG_INFO = NO;
				MTL_FAST_MATH = YES;
				SDKROOT = iphoneos;
				SWIFT_COMPILATION_MODE = wholemodule;
				VALIDATE_PRODUCT = YES;
			};
			name = Release;
		};
		C96A916D2CEE9707001F03DB /* Debug */ = {
			isa = XCBuildConfiguration;
			buildSettings = {
				BUNDLE_LOADER = "$(TEST_HOST)";
				CODE_SIGN_STYLE = Automatic;
				CURRENT_PROJECT_VERSION = 1;
				DEVELOPMENT_TEAM = F7BUD43D47;
				GENERATE_INFOPLIST_FILE = YES;
				IPHONEOS_DEPLOYMENT_TARGET = 18.0;
				MARKETING_VERSION = 1.0;
				PRODUCT_BUNDLE_IDENTIFIER = com.kevinhe.KCDragonBallProfTests;
				PRODUCT_NAME = "$(TARGET_NAME)";
				SWIFT_EMIT_LOC_STRINGS = NO;
				SWIFT_VERSION = 5.0;
				TARGETED_DEVICE_FAMILY = "1,2";
				TEST_HOST = "$(BUILT_PRODUCTS_DIR)/KCDragonBallProf.app/$(BUNDLE_EXECUTABLE_FOLDER_PATH)/KCDragonBallProf";
			};
			name = Debug;
		};
		C96A916E2CEE9707001F03DB /* Release */ = {
			isa = XCBuildConfiguration;
			buildSettings = {
				BUNDLE_LOADER = "$(TEST_HOST)";
				CODE_SIGN_STYLE = Automatic;
				CURRENT_PROJECT_VERSION = 1;
				DEVELOPMENT_TEAM = F7BUD43D47;
				GENERATE_INFOPLIST_FILE = YES;
				IPHONEOS_DEPLOYMENT_TARGET = 18.0;
				MARKETING_VERSION = 1.0;
				PRODUCT_BUNDLE_IDENTIFIER = com.kevinhe.KCDragonBallProfTests;
				PRODUCT_NAME = "$(TARGET_NAME)";
				SWIFT_EMIT_LOC_STRINGS = NO;
				SWIFT_VERSION = 5.0;
				TARGETED_DEVICE_FAMILY = "1,2";
				TEST_HOST = "$(BUILT_PRODUCTS_DIR)/KCDragonBallProf.app/$(BUNDLE_EXECUTABLE_FOLDER_PATH)/KCDragonBallProf";
			};
			name = Release;
		};
/* End XCBuildConfiguration section */

/* Begin XCConfigurationList section */
		C96A91392CEE9706001F03DB /* Build configuration list for PBXProject "KCDragonBallProf" */ = {
			isa = XCConfigurationList;
			buildConfigurations = (
				C96A916A2CEE9707001F03DB /* Debug */,
				C96A916B2CEE9707001F03DB /* Release */,
			);
			defaultConfigurationIsVisible = 0;
			defaultConfigurationName = Release;
		};
		C96A91672CEE9707001F03DB /* Build configuration list for PBXNativeTarget "KCDragonBallProf" */ = {
			isa = XCConfigurationList;
			buildConfigurations = (
				C96A91682CEE9707001F03DB /* Debug */,
				C96A91692CEE9707001F03DB /* Release */,
			);
			defaultConfigurationIsVisible = 0;
			defaultConfigurationName = Release;
		};
		C96A916C2CEE9707001F03DB /* Build configuration list for PBXNativeTarget "KCDragonBallProfTests" */ = {
			isa = XCConfigurationList;
			buildConfigurations = (
				C96A916D2CEE9707001F03DB /* Debug */,
				C96A916E2CEE9707001F03DB /* Release */,
			);
			defaultConfigurationIsVisible = 0;
			defaultConfigurationName = Release;
		};
/* End XCConfigurationList section */

/* Begin XCRemoteSwiftPackageReference section */
		C97B7A162CF513CE0025FA33 /* XCRemoteSwiftPackageReference "keychain-swift" */ = {
			isa = XCRemoteSwiftPackageReference;
			repositoryURL = "https://github.com/evgenyneu/keychain-swift.git";
			requirement = {
				kind = upToNextMajorVersion;
				minimumVersion = 24.0.0;
			};
		};
		C97B7A192CF524F60025FA33 /* XCRemoteSwiftPackageReference "CombineCocoa" */ = {
			isa = XCRemoteSwiftPackageReference;
			repositoryURL = "https://github.com/CombineCommunity/CombineCocoa";
			requirement = {
				kind = upToNextMajorVersion;
				minimumVersion = 0.4.1;
			};
		};
/* End XCRemoteSwiftPackageReference section */

/* Begin XCSwiftPackageProductDependency section */
		C97B7A172CF513CE0025FA33 /* KeychainSwift */ = {
			isa = XCSwiftPackageProductDependency;
			package = C97B7A162CF513CE0025FA33 /* XCRemoteSwiftPackageReference "keychain-swift" */;
			productName = KeychainSwift;
		};
		C97B7A1A2CF524F60025FA33 /* CombineCocoa */ = {
			isa = XCSwiftPackageProductDependency;
			package = C97B7A192CF524F60025FA33 /* XCRemoteSwiftPackageReference "CombineCocoa" */;
			productName = CombineCocoa;
		};
/* End XCSwiftPackageProductDependency section */
	};
	rootObject = C96A91362CEE9706001F03DB /* Project object */;
}
